// !$*UTF8*$!
{
	archiveVersion = 1;
	classes = {
	};
	objectVersion = 56;
	objects = {

/* Begin PBXBuildFile section */
		C478B4AD292832E80053B01E /* TelaInicial.swift in Sources */ = {isa = PBXBuildFile; fileRef = C478B4AC292832E80053B01E /* TelaInicial.swift */; };
		C478B4AF292837D20053B01E /* Instruction.swift in Sources */ = {isa = PBXBuildFile; fileRef = C478B4AE292837D20053B01E /* Instruction.swift */; };
		C478B4B229283C9D0053B01E /* QuizViewController.swift in Sources */ = {isa = PBXBuildFile; fileRef = C478B4B129283C9D0053B01E /* QuizViewController.swift */; };
		C4A5845E291D9CA900497E37 /* AppDelegate.swift in Sources */ = {isa = PBXBuildFile; fileRef = C4A5845D291D9CA900497E37 /* AppDelegate.swift */; };
		C4A58460291D9CA900497E37 /* SceneDelegate.swift in Sources */ = {isa = PBXBuildFile; fileRef = C4A5845F291D9CA900497E37 /* SceneDelegate.swift */; };
		C4A58465291D9CA900497E37 /* Main.storyboard in Resources */ = {isa = PBXBuildFile; fileRef = C4A58463291D9CA900497E37 /* Main.storyboard */; };
		C4A58467291D9CAA00497E37 /* Assets.xcassets in Resources */ = {isa = PBXBuildFile; fileRef = C4A58466291D9CAA00497E37 /* Assets.xcassets */; };
		C4A5846A291D9CAA00497E37 /* LaunchScreen.storyboard in Resources */ = {isa = PBXBuildFile; fileRef = C4A58468291D9CAA00497E37 /* LaunchScreen.storyboard */; };
		C4A58477291DA02C00497E37 /* Gerenciador.swift in Sources */ = {isa = PBXBuildFile; fileRef = C4A58476291DA02C00497E37 /* Gerenciador.swift */; };
		C4A58479291DA03600497E37 /* Model.swift in Sources */ = {isa = PBXBuildFile; fileRef = C4A58478291DA03600497E37 /* Model.swift */; };
		C4A5847F291DAAB200497E37 /* TelaDeVitoria.swift in Sources */ = {isa = PBXBuildFile; fileRef = C4A5847E291DAAB200497E37 /* TelaDeVitoria.swift */; };
/* End PBXBuildFile section */

/* Begin PBXFileReference section */
		C478B4AC292832E80053B01E /* TelaInicial.swift */ = {isa = PBXFileReference; lastKnownFileType = sourcecode.swift; path = TelaInicial.swift; sourceTree = "<group>"; };
		C478B4AE292837D20053B01E /* Instruction.swift */ = {isa = PBXFileReference; lastKnownFileType = sourcecode.swift; path = Instruction.swift; sourceTree = "<group>"; };
		C478B4B129283C9D0053B01E /* QuizViewController.swift */ = {isa = PBXFileReference; lastKnownFileType = sourcecode.swift; path = QuizViewController.swift; sourceTree = "<group>"; };
		C4A5845A291D9CA900497E37 /* FinalQuiz.app */ = {isa = PBXFileReference; explicitFileType = wrapper.application; includeInIndex = 0; path = FinalQuiz.app; sourceTree = BUILT_PRODUCTS_DIR; };
		C4A5845D291D9CA900497E37 /* AppDelegate.swift */ = {isa = PBXFileReference; lastKnownFileType = sourcecode.swift; path = AppDelegate.swift; sourceTree = "<group>"; };
		C4A5845F291D9CA900497E37 /* SceneDelegate.swift */ = {isa = PBXFileReference; lastKnownFileType = sourcecode.swift; path = SceneDelegate.swift; sourceTree = "<group>"; };
		C4A58464291D9CA900497E37 /* Base */ = {isa = PBXFileReference; lastKnownFileType = file.storyboard; name = Base; path = Base.lproj/Main.storyboard; sourceTree = "<group>"; };
		C4A58466291D9CAA00497E37 /* Assets.xcassets */ = {isa = PBXFileReference; lastKnownFileType = folder.assetcatalog; path = Assets.xcassets; sourceTree = "<group>"; };
		C4A58469291D9CAA00497E37 /* Base */ = {isa = PBXFileReference; lastKnownFileType = file.storyboard; name = Base; path = Base.lproj/LaunchScreen.storyboard; sourceTree = "<group>"; };
		C4A5846B291D9CAA00497E37 /* Info.plist */ = {isa = PBXFileReference; lastKnownFileType = text.plist.xml; path = Info.plist; sourceTree = "<group>"; };
		C4A58476291DA02C00497E37 /* Gerenciador.swift */ = {isa = PBXFileReference; lastKnownFileType = sourcecode.swift; path = Gerenciador.swift; sourceTree = "<group>"; };
		C4A58478291DA03600497E37 /* Model.swift */ = {isa = PBXFileReference; lastKnownFileType = sourcecode.swift; path = Model.swift; sourceTree = "<group>"; };
		C4A5847E291DAAB200497E37 /* TelaDeVitoria.swift */ = {isa = PBXFileReference; lastKnownFileType = sourcecode.swift; path = TelaDeVitoria.swift; sourceTree = "<group>"; };
/* End PBXFileReference section */

/* Begin PBXFrameworksBuildPhase section */
		C4A58457291D9CA900497E37 /* Frameworks */ = {
			isa = PBXFrameworksBuildPhase;
			buildActionMask = 2147483647;
			files = (
			);
			runOnlyForDeploymentPostprocessing = 0;
		};
/* End PBXFrameworksBuildPhase section */

/* Begin PBXGroup section */
		C4A58451291D9CA900497E37 = {
			isa = PBXGroup;
			children = (
				C4A58471291D9CBA00497E37 /* Model */,
				C4A58473291D9D3F00497E37 /* View */,
				C4A58472291D9D3000497E37 /* Controller */,
				C4A5845C291D9CA900497E37 /* FinalQuiz */,
				C4A5845B291D9CA900497E37 /* Products */,
			);
			sourceTree = "<group>";
		};
		C4A5845B291D9CA900497E37 /* Products */ = {
			isa = PBXGroup;
			children = (
				C4A5845A291D9CA900497E37 /* FinalQuiz.app */,
			);
			name = Products;
			sourceTree = "<group>";
		};
		C4A5845C291D9CA900497E37 /* FinalQuiz */ = {
			isa = PBXGroup;
			children = (
				C4A5845D291D9CA900497E37 /* AppDelegate.swift */,
				C4A5845F291D9CA900497E37 /* SceneDelegate.swift */,
				C4A58466291D9CAA00497E37 /* Assets.xcassets */,
				C4A5846B291D9CAA00497E37 /* Info.plist */,
			);
			path = FinalQuiz;
			sourceTree = "<group>";
		};
		C4A58471291D9CBA00497E37 /* Model */ = {
			isa = PBXGroup;
			children = (
				C4A58476291DA02C00497E37 /* Gerenciador.swift */,
				C4A58478291DA03600497E37 /* Model.swift */,
			);
			path = Model;
			sourceTree = "<group>";
		};
		C4A58472291D9D3000497E37 /* Controller */ = {
			isa = PBXGroup;
			children = (
				C478B4AC292832E80053B01E /* TelaInicial.swift */,
				C4A5847E291DAAB200497E37 /* TelaDeVitoria.swift */,
				C478B4AE292837D20053B01E /* Instruction.swift */,
				C478B4B129283C9D0053B01E /* QuizViewController.swift */,
			);
			path = Controller;
			sourceTree = "<group>";
		};
		C4A58473291D9D3F00497E37 /* View */ = {
			isa = PBXGroup;
			children = (
				C4A58463291D9CA900497E37 /* Main.storyboard */,
				C4A58468291D9CAA00497E37 /* LaunchScreen.storyboard */,
			);
			path = View;
			sourceTree = "<group>";
		};
/* End PBXGroup section */

/* Begin PBXNativeTarget section */
		C4A58459291D9CA900497E37 /* FinalQuiz */ = {
			isa = PBXNativeTarget;
			buildConfigurationList = C4A5846E291D9CAA00497E37 /* Build configuration list for PBXNativeTarget "FinalQuiz" */;
			buildPhases = (
				C4A58456291D9CA900497E37 /* Sources */,
				C4A58457291D9CA900497E37 /* Frameworks */,
				C4A58458291D9CA900497E37 /* Resources */,
			);
			buildRules = (
			);
			dependencies = (
			);
			name = FinalQuiz;
			productName = FinalQuiz;
			productReference = C4A5845A291D9CA900497E37 /* FinalQuiz.app */;
			productType = "com.apple.product-type.application";
		};
/* End PBXNativeTarget section */

/* Begin PBXProject section */
		C4A58452291D9CA900497E37 /* Project object */ = {
			isa = PBXProject;
			attributes = {
				BuildIndependentTargetsInParallel = 1;
				LastSwiftUpdateCheck = 1410;
				LastUpgradeCheck = 1410;
				TargetAttributes = {
					C4A58459291D9CA900497E37 = {
						CreatedOnToolsVersion = 14.1;
					};
				};
			};
			buildConfigurationList = C4A58455291D9CA900497E37 /* Build configuration list for PBXProject "FinalQuiz" */;
			compatibilityVersion = "Xcode 14.0";
			developmentRegion = en;
			hasScannedForEncodings = 0;
			knownRegions = (
				en,
				Base,
			);
			mainGroup = C4A58451291D9CA900497E37;
			productRefGroup = C4A5845B291D9CA900497E37 /* Products */;
			projectDirPath = "";
			projectRoot = "";
			targets = (
				C4A58459291D9CA900497E37 /* FinalQuiz */,
			);
		};
/* End PBXProject section */

/* Begin PBXResourcesBuildPhase section */
		C4A58458291D9CA900497E37 /* Resources */ = {
			isa = PBXResourcesBuildPhase;
			buildActionMask = 2147483647;
			files = (
				C4A5846A291D9CAA00497E37 /* LaunchScreen.storyboard in Resources */,
				C4A58467291D9CAA00497E37 /* Assets.xcassets in Resources */,
				C4A58465291D9CA900497E37 /* Main.storyboard in Resources */,
			);
			runOnlyForDeploymentPostprocessing = 0;
		};
/* End PBXResourcesBuildPhase section */

/* Begin PBXSourcesBuildPhase section */
		C4A58456291D9CA900497E37 /* Sources */ = {
			isa = PBXSourcesBuildPhase;
			buildActionMask = 2147483647;
			files = (
				C4A58477291DA02C00497E37 /* Gerenciador.swift in Sources */,
				C4A58479291DA03600497E37 /* Model.swift in Sources */,
				C4A5847F291DAAB200497E37 /* TelaDeVitoria.swift in Sources */,
				C478B4B229283C9D0053B01E /* QuizViewController.swift in Sources */,
				C4A5845E291D9CA900497E37 /* AppDelegate.swift in Sources */,
				C4A58460291D9CA900497E37 /* SceneDelegate.swift in Sources */,
				C478B4AF292837D20053B01E /* Instruction.swift in Sources */,
				C478B4AD292832E80053B01E /* TelaInicial.swift in Sources */,
			);
			runOnlyForDeploymentPostprocessing = 0;
		};
/* End PBXSourcesBuildPhase section */

/* Begin PBXVariantGroup section */
		C4A58463291D9CA900497E37 /* Main.storyboard */ = {
			isa = PBXVariantGroup;
			children = (
				C4A58464291D9CA900497E37 /* Base */,
			);
			name = Main.storyboard;
			sourceTree = "<group>";
		};
		C4A58468291D9CAA00497E37 /* LaunchScreen.storyboard */ = {
			isa = PBXVariantGroup;
			children = (
				C4A58469291D9CAA00497E37 /* Base */,
			);
			name = LaunchScreen.storyboard;
			sourceTree = "<group>";
		};
/* End PBXVariantGroup section */

/* Begin XCBuildConfiguration section */
		C4A5846C291D9CAA00497E37 /* Debug */ = {
			isa = XCBuildConfiguration;
			buildSettings = {
				ALWAYS_SEARCH_USER_PATHS = NO;
				CLANG_ANALYZER_NONNULL = YES;
				CLANG_ANALYZER_NUMBER_OBJECT_CONVERSION = YES_AGGRESSIVE;
				CLANG_CXX_LANGUAGE_STANDARD = "gnu++20";
				CLANG_ENABLE_MODULES = YES;
				CLANG_ENABLE_OBJC_ARC = YES;
				CLANG_ENABLE_OBJC_WEAK = YES;
				CLANG_WARN_BLOCK_CAPTURE_AUTORELEASING = YES;
				CLANG_WARN_BOOL_CONVERSION = YES;
				CLANG_WARN_COMMA = YES;
				CLANG_WARN_CONSTANT_CONVERSION = YES;
				CLANG_WARN_DEPRECATED_OBJC_IMPLEMENTATIONS = YES;
				CLANG_WARN_DIRECT_OBJC_ISA_USAGE = YES_ERROR;
				CLANG_WARN_DOCUMENTATION_COMMENTS = YES;
				CLANG_WARN_EMPTY_BODY = YES;
				CLANG_WARN_ENUM_CONVERSION = YES;
				CLANG_WARN_INFINITE_RECURSION = YES;
				CLANG_WARN_INT_CONVERSION = YES;
				CLANG_WARN_NON_LITERAL_NULL_CONVERSION = YES;
				CLANG_WARN_OBJC_IMPLICIT_RETAIN_SELF = YES;
				CLANG_WARN_OBJC_LITERAL_CONVERSION = YES;
				CLANG_WARN_OBJC_ROOT_CLASS = YES_ERROR;
				CLANG_WARN_QUOTED_INCLUDE_IN_FRAMEWORK_HEADER = YES;
				CLANG_WARN_RANGE_LOOP_ANALYSIS = YES;
				CLANG_WARN_STRICT_PROTOTYPES = YES;
				CLANG_WARN_SUSPICIOUS_MOVE = YES;
				CLANG_WARN_UNGUARDED_AVAILABILITY = YES_AGGRESSIVE;
				CLANG_WARN_UNREACHABLE_CODE = YES;
				CLANG_WARN__DUPLICATE_METHOD_MATCH = YES;
				COPY_PHASE_STRIP = NO;
				DEBUG_INFORMATION_FORMAT = dwarf;
				ENABLE_STRICT_OBJC_MSGSEND = YES;
				ENABLE_TESTABILITY = YES;
				GCC_C_LANGUAGE_STANDARD = gnu11;
				GCC_DYNAMIC_NO_PIC = NO;
				GCC_NO_COMMON_BLOCKS = YES;
				GCC_OPTIMIZATION_LEVEL = 0;
				GCC_PREPROCESSOR_DEFINITIONS = (
					"DEBUG=1",
					"$(inherited)",
				);
				GCC_WARN_64_TO_32_BIT_CONVERSION = YES;
				GCC_WARN_ABOUT_RETURN_TYPE = YES_ERROR;
				GCC_WARN_UNDECLARED_SELECTOR = YES;
				GCC_WARN_UNINITIALIZED_AUTOS = YES_AGGRESSIVE;
				GCC_WARN_UNUSED_FUNCTION = YES;
				GCC_WARN_UNUSED_VARIABLE = YES;
				IPHONEOS_DEPLOYMENT_TARGET = 16.1;
				MTL_ENABLE_DEBUG_INFO = INCLUDE_SOURCE;
				MTL_FAST_MATH = YES;
				ONLY_ACTIVE_ARCH = YES;
				SDKROOT = iphoneos;
				SWIFT_ACTIVE_COMPILATION_CONDITIONS = DEBUG;
				SWIFT_OPTIMIZATION_LEVEL = "-Onone";
			};
			name = Debug;
		};
		C4A5846D291D9CAA00497E37 /* Release */ = {
			isa = XCBuildConfiguration;
			buildSettings = {
				ALWAYS_SEARCH_USER_PATHS = NO;
				CLANG_ANALYZER_NONNULL = YES;
				CLANG_ANALYZER_NUMBER_OBJECT_CONVERSION = YES_AGGRESSIVE;
				CLANG_CXX_LANGUAGE_STANDARD = "gnu++20";
				CLANG_ENABLE_MODULES = YES;
				CLANG_ENABLE_OBJC_ARC = YES;
				CLANG_ENABLE_OBJC_WEAK = YES;
				CLANG_WARN_BLOCK_CAPTURE_AUTORELEASING = YES;
				CLANG_WARN_BOOL_CONVERSION = YES;
				CLANG_WARN_COMMA = YES;
				CLANG_WARN_CONSTANT_CONVERSION = YES;
				CLANG_WARN_DEPRECATED_OBJC_IMPLEMENTATIONS = YES;
				CLANG_WARN_DIRECT_OBJC_ISA_USAGE = YES_ERROR;
				CLANG_WARN_DOCUMENTATION_COMMENTS = YES;
				CLANG_WARN_EMPTY_BODY = YES;
				CLANG_WARN_ENUM_CONVERSION = YES;
				CLANG_WARN_INFINITE_RECURSION = YES;
				CLANG_WARN_INT_CONVERSION = YES;
				CLANG_WARN_NON_LITERAL_NULL_CONVERSION = YES;
				CLANG_WARN_OBJC_IMPLICIT_RETAIN_SELF = YES;
				CLANG_WARN_OBJC_LITERAL_CONVERSION = YES;
				CLANG_WARN_OBJC_ROOT_CLASS = YES_ERROR;
				CLANG_WARN_QUOTED_INCLUDE_IN_FRAMEWORK_HEADER = YES;
				CLANG_WARN_RANGE_LOOP_ANALYSIS = YES;
				CLANG_WARN_STRICT_PROTOTYPES = YES;
				CLANG_WARN_SUSPICIOUS_MOVE = YES;
				CLANG_WARN_UNGUARDED_AVAILABILITY = YES_AGGRESSIVE;
				CLANG_WARN_UNREACHABLE_CODE = YES;
				CLANG_WARN__DUPLICATE_METHOD_MATCH = YES;
				COPY_PHASE_STRIP = NO;
				DEBUG_INFORMATION_FORMAT = "dwarf-with-dsym";
				ENABLE_NS_ASSERTIONS = NO;
				ENABLE_STRICT_OBJC_MSGSEND = YES;
				GCC_C_LANGUAGE_STANDARD = gnu11;
				GCC_NO_COMMON_BLOCKS = YES;
				GCC_WARN_64_TO_32_BIT_CONVERSION = YES;
				GCC_WARN_ABOUT_RETURN_TYPE = YES_ERROR;
				GCC_WARN_UNDECLARED_SELECTOR = YES;
				GCC_WARN_UNINITIALIZED_AUTOS = YES_AGGRESSIVE;
				GCC_WARN_UNUSED_FUNCTION = YES;
				GCC_WARN_UNUSED_VARIABLE = YES;
				IPHONEOS_DEPLOYMENT_TARGET = 16.1;
				MTL_ENABLE_DEBUG_INFO = NO;
				MTL_FAST_MATH = YES;
				SDKROOT = iphoneos;
				SWIFT_COMPILATION_MODE = wholemodule;
				SWIFT_OPTIMIZATION_LEVEL = "-O";
				VALIDATE_PRODUCT = YES;
			};
			name = Release;
		};
		C4A5846F291D9CAA00497E37 /* Debug */ = {
			isa = XCBuildConfiguration;
			buildSettings = {
				ASSETCATALOG_COMPILER_APPICON_NAME = AppIcon;
				ASSETCATALOG_COMPILER_GLOBAL_ACCENT_COLOR_NAME = AccentColor;
				CODE_SIGN_STYLE = Automatic;
				CURRENT_PROJECT_VERSION = 1;
				GENERATE_INFOPLIST_FILE = YES;
				INFOPLIST_FILE = FinalQuiz/Info.plist;
				INFOPLIST_KEY_UIApplicationSupportsIndirectInputEvents = YES;
				INFOPLIST_KEY_UILaunchStoryboardName = LaunchScreen;
				INFOPLIST_KEY_UIMainStoryboardFile = Main;
				INFOPLIST_KEY_UISupportedInterfaceOrientations = "UIInterfaceOrientationLandscapeLeft UIInterfaceOrientationLandscapeRight";
				LD_RUNPATH_SEARCH_PATHS = (
					"$(inherited)",
					"@executable_path/Frameworks",
				);
				MARKETING_VERSION = 1.0;
				PRODUCT_BUNDLE_IDENTIFIER = com.ProjetoF.FinalQuiz;
				PRODUCT_NAME = "$(TARGET_NAME)";
				SWIFT_EMIT_LOC_STRINGS = YES;
				SWIFT_VERSION = 5.0;
				TARGETED_DEVICE_FAMILY = "1,2";
			};
			name = Debug;
		};
		C4A58470291D9CAA00497E37 /* Release */ = {
			isa = XCBuildConfiguration;
			buildSettings = {
				ASSETCATALOG_COMPILER_APPICON_NAME = AppIcon;
				ASSETCATALOG_COMPILER_GLOBAL_ACCENT_COLOR_NAME = AccentColor;
				CODE_SIGN_STYLE = Automatic;
				CURRENT_PROJECT_VERSION = 1;
				GENERATE_INFOPLIST_FILE = YES;
				INFOPLIST_FILE = FinalQuiz/Info.plist;
				INFOPLIST_KEY_UIApplicationSupportsIndirectInputEvents = YES;
				INFOPLIST_KEY_UILaunchStoryboardName = LaunchScreen;
				INFOPLIST_KEY_UIMainStoryboardFile = Main;
				INFOPLIST_KEY_UISupportedInterfaceOrientations = "UIInterfaceOrientationLandscapeLeft UIInterfaceOrientationLandscapeRight";
				LD_RUNPATH_SEARCH_PATHS = (
					"$(inherited)",
					"@executable_path/Frameworks",
				);
				MARKETING_VERSION = 1.0;
				PRODUCT_BUNDLE_IDENTIFIER = com.ProjetoF.FinalQuiz;
				PRODUCT_NAME = "$(TARGET_NAME)";
				SWIFT_EMIT_LOC_STRINGS = YES;
				SWIFT_VERSION = 5.0;
				TARGETED_DEVICE_FAMILY = "1,2";
			};
			name = Release;
		};
/* End XCBuildConfiguration section */

/* Begin XCConfigurationList section */
		C4A58455291D9CA900497E37 /* Build configuration list for PBXProject "FinalQuiz" */ = {
			isa = XCConfigurationList;
			buildConfigurations = (
				C4A5846C291D9CAA00497E37 /* Debug */,
				C4A5846D291D9CAA00497E37 /* Release */,
			);
			defaultConfigurationIsVisible = 0;
			defaultConfigurationName = Release;
		};
		C4A5846E291D9CAA00497E37 /* Build configuration list for PBXNativeTarget "FinalQuiz" */ = {
			isa = XCConfigurationList;
			buildConfigurations = (
				C4A5846F291D9CAA00497E37 /* Debug */,
				C4A58470291D9CAA00497E37 /* Release */,
			);
			defaultConfigurationIsVisible = 0;
			defaultConfigurationName = Release;
		};
/* End XCConfigurationList section */
	};
	rootObject = C4A58452291D9CA900497E37 /* Project object */;
}
